
Microsoft Visual Studio Solution File, Format Version 12.00
# Visual Studio Version 17
VisualStudioVersion = 17.4.33103.184
MinimumVisualStudioVersion = 10.0.40219.1
Project("{9A19103F-16F7-4668-BE54-9A1E7A4F7556}") = "GerenciadorDeVendasApp", "GerenciadorDeVendasApp\GerenciadorDeVendasApp.csproj", "{E088B0F1-C545-4A03-B6D6-F7C6883B378A}"
EndProject
Global
	GlobalSection(SolutionConfigurationPlatforms) = preSolution
		Debug|Any CPU = Debug|Any CPU
		Release|Any CPU = Release|Any CPU
	EndGlobalSection
	GlobalSection(ProjectConfigurationPlatforms) = postSolution
		{E088B0F1-C545-4A03-B6D6-F7C6883B378A}.Debug|Any CPU.ActiveCfg = Debug|Any CPU
		{E088B0F1-C545-4A03-B6D6-F7C6883B378A}.Debug|Any CPU.Build.0 = Debug|Any CPU
		{E088B0F1-C545-4A03-B6D6-F7C6883B378A}.Release|Any CPU.ActiveCfg = Release|Any CPU
		{E088B0F1-C545-4A03-B6D6-F7C6883B378A}.Release|Any CPU.Build.0 = Release|Any CPU
	EndGlobalSection
	GlobalSection(SolutionProperties) = preSolution
		HideSolutionNode = FALSE
	EndGlobalSection
	GlobalSection(ExtensibilityGlobals) = postSolution
		SolutionGuid = {155A6466-971D-4A7F-8BFF-09A05C2CC04A}
	EndGlobalSection
EndGlobal
